
Microsoft Visual Studio Solution File, Format Version 12.00
# Visual Studio 15
VisualStudioVersion = 15.0.26730.8
MinimumVisualStudioVersion = 10.0.40219.1
Project("{8BC9CEB8-8B4A-11D0-8D11-00A0C91BC942}") = "BBatcher's_sorting", "BBatcher's_sorting\BBatcher's_sorting.vcxproj", "{B43D4CD7-0118-4E26-B869-94F58BBBC437}"
EndProject
Global
	GlobalSection(SolutionConfigurationPlatforms) = preSolution
		Debug|x64 = Debug|x64
		Debug|x86 = Debug|x86
		Release|x64 = Release|x64
		Release|x86 = Release|x86
	EndGlobalSection
	GlobalSection(ProjectConfigurationPlatforms) = postSolution
		{B43D4CD7-0118-4E26-B869-94F58BBBC437}.Debug|x64.ActiveCfg = Debug|x64
		{B43D4CD7-0118-4E26-B869-94F58BBBC437}.Debug|x64.Build.0 = Debug|x64
		{B43D4CD7-0118-4E26-B869-94F58BBBC437}.Debug|x86.ActiveCfg = Debug|Win32
		{B43D4CD7-0118-4E26-B869-94F58BBBC437}.Debug|x86.Build.0 = Debug|Win32
		{B43D4CD7-0118-4E26-B869-94F58BBBC437}.Release|x64.ActiveCfg = Release|x64
		{B43D4CD7-0118-4E26-B869-94F58BBBC437}.Release|x64.Build.0 = Release|x64
		{B43D4CD7-0118-4E26-B869-94F58BBBC437}.Release|x86.ActiveCfg = Release|Win32
		{B43D4CD7-0118-4E26-B869-94F58BBBC437}.Release|x86.Build.0 = Release|Win32
	EndGlobalSection
	GlobalSection(SolutionProperties) = preSolution
		HideSolutionNode = FALSE
	EndGlobalSection
	GlobalSection(ExtensibilityGlobals) = postSolution
		SolutionGuid = {4FC2CB9C-EAEF-4392-88B7-96B0EE9DF432}
	EndGlobalSection
EndGlobal
